# THIS IS AN AUTOGENERATED FILE. DO NOT EDIT THIS FILE DIRECTLY.
# yarn lockfile v1
asn1.js@^4.0.0:
  version "4.9.0"
  resolved "https://registry.yarnpkg.com/asn1.js/-/asn1.js-4.9.0.tgz#f71a1243f3e79d46d7b07d7fbf4824ee73af054a"
  dependencies:
    bn.js "^4.0.0"
    inherits "^2.0.1"
    minimalistic-assert "^1.0.0"

assert@^1.3.0:
  version "1.4.1"
  resolved "https://registry.yarnpkg.com/assert/-/assert-1.4.1.tgz#99912d591836b5a6f5b345c0f07eefc08fc65d91"
  dependencies:
    util "0.10.3"

async@~1.0.0:
  version "1.0.0"
  resolved "https://registry.yarnpkg.com/async/-/async-1.0.0.tgz#f8fc04ca3a13784ade9e1641af98578cfbd647a9"

babel-runtime@^6.18.0:
  version "6.18.0"
  resolved "https://registry.yarnpkg.com/babel-runtime/-/babel-runtime-6.18.0.tgz#0f4177ffd98492ef13b9f823e9994a02584c9078"
  dependencies:
    core-js "^2.4.0"
    regenerator-runtime "^0.9.5"

balanced-match@^0.4.1:
  version "0.4.2"
  resolved "https://registry.yarnpkg.com/balanced-match/-/balanced-match-0.4.2.tgz#cb3f3e3c732dc0f01ee70b403f302e61d7709838"

base64-js@^1.0.2:
  version "1.2.0"
  resolved "https://registry.yarnpkg.com/base64-js/-/base64-js-1.2.0.tgz#a39992d723584811982be5e290bb6a53d86700f1"

Base64@~0.2.0:
  version "0.2.1"
  resolved "https://registry.yarnpkg.com/Base64/-/Base64-0.2.1.tgz#ba3a4230708e186705065e66babdd4c35cf60028"

basic-authentication@1.7.0:
  version "1.7.0"
  resolved "https://registry.yarnpkg.com/basic-authentication/-/basic-authentication-1.7.0.tgz#a1d0eefb7c76e7b3bc70daf13b4585dbea9965b1"
  dependencies:
    setheaders "0.1.7"

bcrypt@^0.8.7:
  version "0.8.7"
  resolved "https://registry.yarnpkg.com/bcrypt/-/bcrypt-0.8.7.tgz#bc3875a9afd0a7b2cd231a6a7f218a5ce156b093"
  dependencies:
    bindings "1.2.1"
    nan "2.3.5"

bignumber.js@^2.3.0:
  version "2.4.0"
  resolved "https://registry.yarnpkg.com/bignumber.js/-/bignumber.js-2.4.0.tgz#838a992da9f9d737e0f4b2db0be62bb09dd0c5e8"

bindings@^1.2.1, bindings@1.2.1:
  version "1.2.1"
  resolved "https://registry.yarnpkg.com/bindings/-/bindings-1.2.1.tgz#14ad6113812d2d37d72e67b4cacb4bb726505f11"

block-stream@*:
  version "0.0.9"
  resolved "https://registry.yarnpkg.com/block-stream/-/block-stream-0.0.9.tgz#13ebfe778a03205cfe03751481ebb4b3300c126a"
  dependencies:
    inherits "~2.0.0"

bn.js@^4.0.0, bn.js@^4.1.0, bn.js@^4.1.1, bn.js@^4.4.0:
  version "4.11.6"
  resolved "https://registry.yarnpkg.com/bn.js/-/bn.js-4.11.6.tgz#53344adb14617a13f6e8dd2ce28905d1c0ba3215"

brace-expansion@^1.0.0:
  version "1.1.6"
  resolved "https://registry.yarnpkg.com/brace-expansion/-/brace-expansion-1.1.6.tgz#7197d7eaa9b87e648390ea61fc66c84427420df9"
  dependencies:
    balanced-match "^0.4.1"
    concat-map "0.0.1"

brorand@^1.0.1:
  version "1.0.6"
  resolved "https://registry.yarnpkg.com/brorand/-/brorand-1.0.6.tgz#4028706b915f91f7b349a2e0bf3c376039d216e5"

browserify-aes@^1.0.0, browserify-aes@^1.0.4:
  version "1.0.6"
  resolved "https://registry.yarnpkg.com/browserify-aes/-/browserify-aes-1.0.6.tgz#5e7725dbdef1fd5930d4ebab48567ce451c48a0a"
  dependencies:
    buffer-xor "^1.0.2"
    cipher-base "^1.0.0"
    create-hash "^1.1.0"
    evp_bytestokey "^1.0.0"
    inherits "^2.0.1"

browserify-cipher@^1.0.0:
  version "1.0.0"
  resolved "https://registry.yarnpkg.com/browserify-cipher/-/browserify-cipher-1.0.0.tgz#9988244874bf5ed4e28da95666dcd66ac8fc363a"
  dependencies:
    browserify-aes "^1.0.4"
    browserify-des "^1.0.0"
    evp_bytestokey "^1.0.0"

browserify-des@^1.0.0:
  version "1.0.0"
  resolved "https://registry.yarnpkg.com/browserify-des/-/browserify-des-1.0.0.tgz#daa277717470922ed2fe18594118a175439721dd"
  dependencies:
    cipher-base "^1.0.1"
    des.js "^1.0.0"
    inherits "^2.0.1"

browserify-rsa@^4.0.0:
  version "4.0.1"
  resolved "https://registry.yarnpkg.com/browserify-rsa/-/browserify-rsa-4.0.1.tgz#21e0abfaf6f2029cf2fafb133567a701d4135524"
  dependencies:
    bn.js "^4.1.0"
    randombytes "^2.0.1"

browserify-sign@^4.0.0:
  version "4.0.0"
  resolved "https://registry.yarnpkg.com/browserify-sign/-/browserify-sign-4.0.0.tgz#10773910c3c206d5420a46aad8694f820b85968f"
  dependencies:
    bn.js "^4.1.1"
    browserify-rsa "^4.0.0"
    create-hash "^1.1.0"
    create-hmac "^1.1.2"
    elliptic "^6.0.0"
    inherits "^2.0.1"
    parse-asn1 "^5.0.0"

browserify-zlib@^0.1.4:
  version "0.1.4"
  resolved "https://registry.yarnpkg.com/browserify-zlib/-/browserify-zlib-0.1.4.tgz#bb35f8a519f600e0fa6b8485241c979d0141fb2d"
  dependencies:
    pako "~0.2.0"

bson-ext@^0.1.13:
  version "0.1.13"
  resolved "https://registry.yarnpkg.com/bson-ext/-/bson-ext-0.1.13.tgz#4a48d3091a21e7d5b4e59bbbb54b91279677f8b3"
  dependencies:
    bindings "^1.2.1"
    nan "~2.0.9"

bson@~0.5.6, bson@0.5.6:
  version "0.5.6"
  resolved "https://registry.yarnpkg.com/bson/-/bson-0.5.6.tgz#e03de80a692c28fca4396f0d14c97069bd2b73a6"

buffer-shims@^1.0.0:
  version "1.0.0"
  resolved "https://registry.yarnpkg.com/buffer-shims/-/buffer-shims-1.0.0.tgz#9978ce317388c649ad8793028c3477ef044a8b51"

buffer-xor@^1.0.2:
  version "1.0.3"
  resolved "https://registry.yarnpkg.com/buffer-xor/-/buffer-xor-1.0.3.tgz#26e61ed1422fb70dd42e6e36729ed51d855fe8d9"

buffer@^4.5.1:
  version "4.9.1"
  resolved "https://registry.yarnpkg.com/buffer/-/buffer-4.9.1.tgz#6d1bb601b07a4efced97094132093027c95bc298"
  dependencies:
    base64-js "^1.0.2"
    ieee754 "^1.1.4"
    isarray "^1.0.0"

busboy@^0.2.13:
  version "0.2.13"
  resolved "https://registry.yarnpkg.com/busboy/-/busboy-0.2.13.tgz#90fc4f6a3967d815616fc976bfa8e56aed0c58b6"
  dependencies:
    dicer "0.2.5"
    readable-stream "1.1.x"

buzz@^1.2.0:
  version "1.2.0"
  resolved "https://registry.yarnpkg.com/buzz/-/buzz-1.2.0.tgz#f93d07eaebe00c8069b66ee2510062b3f9f6100f"

casual@^1.5.6:
  version "1.5.8"
  resolved "https://registry.yarnpkg.com/casual/-/casual-1.5.8.tgz#82009d3cd39b79e7ec8db7a6245699fcfbcb3691"
  dependencies:
    mersenne-twister "^1.0.1"
    moment "^2.15.2"

chart.js@^2.3.0:
  version "2.3.0"
  resolved "https://registry.yarnpkg.com/chart.js/-/chart.js-2.3.0.tgz#40460e48e2c417c05fc3325cd84f7b000dc7d7d6"
  dependencies:
    chartjs-color "^2.0.0"
    moment "^2.10.6"

chartjs-color-string@^0.4.0:
  version "0.4.0"
  resolved "https://registry.yarnpkg.com/chartjs-color-string/-/chartjs-color-string-0.4.0.tgz#57748d4530ae28d8db0a5492182ba06dfdf2f468"
  dependencies:
    color-name "^1.0.0"

chartjs-color@^2.0.0:
  version "2.0.0"
  resolved "https://registry.yarnpkg.com/chartjs-color/-/chartjs-color-2.0.0.tgz#7f60c7256589b24914814ece757659117381e35b"
  dependencies:
    chartjs-color-string "^0.4.0"
    color-convert "^0.5.3"

cipher-base@^1.0.0, cipher-base@^1.0.1:
  version "1.0.3"
  resolved "https://registry.yarnpkg.com/cipher-base/-/cipher-base-1.0.3.tgz#eeabf194419ce900da3018c207d212f2a6df0a07"
  dependencies:
    inherits "^2.0.1"

color-convert@^0.5.3:
  version "0.5.3"
  resolved "https://registry.yarnpkg.com/color-convert/-/color-convert-0.5.3.tgz#bdb6c69ce660fadffe0b0007cc447e1b9f7282bd"

color-name@^1.0.0:
  version "1.1.1"
  resolved "https://registry.yarnpkg.com/color-name/-/color-name-1.1.1.tgz#4b1415304cf50028ea81643643bd82ea05803689"

colors@1.0.x:
  version "1.0.3"
  resolved "https://registry.yarnpkg.com/colors/-/colors-1.0.3.tgz#0433f44d809680fdeb60ed260f1b0c262e82a40b"

complex.js@2.0.1:
  version "2.0.1"
  resolved "https://registry.yarnpkg.com/complex.js/-/complex.js-2.0.1.tgz#ea90c7a05aeceaf3a376d2c0f6a78421727d6879"

concat-map@0.0.1:
  version "0.0.1"
  resolved "https://registry.yarnpkg.com/concat-map/-/concat-map-0.0.1.tgz#d8a96bd77fd68df7793a73036a3ba0d5405d477b"

console-browserify@^1.1.0:
  version "1.1.0"
  resolved "https://registry.yarnpkg.com/console-browserify/-/console-browserify-1.1.0.tgz#f0241c45730a9fc6323b206dbf38edc741d0bb10"
  dependencies:
    date-now "^0.1.4"

constants-browserify@^1.0.0:
  version "1.0.0"
  resolved "https://registry.yarnpkg.com/constants-browserify/-/constants-browserify-1.0.0.tgz#c20b96d8c617748aaf1c16021760cd27fcb8cb75"

core-js@^2.4.0:
  version "2.4.1"
  resolved "https://registry.yarnpkg.com/core-js/-/core-js-2.4.1.tgz#4de911e667b0eae9124e34254b53aea6fc618d3e"

core-util-is@~1.0.0:
  version "1.0.2"
  resolved "https://registry.yarnpkg.com/core-util-is/-/core-util-is-1.0.2.tgz#b5fd54220aa2bc5ab57aab7140c940754503c1a7"

create-ecdh@^4.0.0:
  version "4.0.0"
  resolved "https://registry.yarnpkg.com/create-ecdh/-/create-ecdh-4.0.0.tgz#888c723596cdf7612f6498233eebd7a35301737d"
  dependencies:
    bn.js "^4.1.0"
    elliptic "^6.0.0"

create-hash@^1.1.0, create-hash@^1.1.1:
  version "1.1.2"
  resolved "https://registry.yarnpkg.com/create-hash/-/create-hash-1.1.2.tgz#51210062d7bb7479f6c65bb41a92208b1d61abad"
  dependencies:
    cipher-base "^1.0.1"
    inherits "^2.0.1"
    ripemd160 "^1.0.0"
    sha.js "^2.3.6"

create-hmac@^1.1.0, create-hmac@^1.1.2:
  version "1.1.4"
  resolved "https://registry.yarnpkg.com/create-hmac/-/create-hmac-1.1.4.tgz#d3fb4ba253eb8b3f56e39ea2fbcb8af747bd3170"
  dependencies:
    create-hash "^1.1.0"
    inherits "^2.0.1"

crypto-browserify@^3.11.0:
  version "3.11.0"
  resolved "https://registry.yarnpkg.com/crypto-browserify/-/crypto-browserify-3.11.0.tgz#3652a0906ab9b2a7e0c3ce66a408e957a2485522"
  dependencies:
    browserify-cipher "^1.0.0"
    browserify-sign "^4.0.0"
    create-ecdh "^4.0.0"
    create-hash "^1.1.0"
    create-hmac "^1.1.0"
    diffie-hellman "^5.0.0"
    inherits "^2.0.1"
    pbkdf2 "^3.0.3"
    public-encrypt "^4.0.0"
    randombytes "^2.0.0"

cycle@1.0.x:
  version "1.0.3"
  resolved "https://registry.yarnpkg.com/cycle/-/cycle-1.0.3.tgz#21e80b2be8580f98b468f379430662b046c34ad2"

datatables.net-bs@^1.10.12, datatables.net-bs@>=1.10.9:
  version "1.10.12"
  resolved "https://registry.yarnpkg.com/datatables.net-bs/-/datatables.net-bs-1.10.12.tgz#514830c325ec4349ad6c0a4c6689143fcc93697b"
  dependencies:
    datatables.net ">=1.10.9"
    jquery ">=1.7"

datatables.net-buttons-bs@^1.2.2:
  version "1.2.2"
  resolved "https://registry.yarnpkg.com/datatables.net-buttons-bs/-/datatables.net-buttons-bs-1.2.2.tgz#3c315e7d0adb419d448bd269ee9f019a942ca648"
  dependencies:
    datatables.net-bs ">=1.10.9"
    datatables.net-buttons ">=1.0.3"
    jquery ">=1.7"

datatables.net-buttons@^1.2.2, datatables.net-buttons@>=1.0.3:
  version "1.2.2"
  resolved "https://registry.yarnpkg.com/datatables.net-buttons/-/datatables.net-buttons-1.2.2.tgz#c55bd0aec82cb8b7cfb6e62b9d8aec322b545953"
  dependencies:
    datatables.net ">=1.10.9"
    jquery ">=1.7"

datatables.net-jqui@^1.10.12:
  version "1.10.12"
  resolved "https://registry.yarnpkg.com/datatables.net-jqui/-/datatables.net-jqui-1.10.12.tgz#08a22a5276f23f2afe18bac519dba1f2609adbb8"
  dependencies:
    datatables.net ">=1.10.9"
    jquery ">=1.7"

datatables.net@^1.10.12, datatables.net@>=1.10.9:
  version "1.10.12"
  resolved "https://registry.yarnpkg.com/datatables.net/-/datatables.net-1.10.12.tgz#d66e1497d39f55ad6f1e6c2abb30ce19290e30f8"
  dependencies:
    jquery ">=1.7"

date-now@^0.1.4:
  version "0.1.4"
  resolved "https://registry.yarnpkg.com/date-now/-/date-now-0.1.4.tgz#eaf439fd4d4848ad74e5cc7dbef200672b9e345b"

decimal.js@5.0.8:
  version "5.0.8"
  resolved "https://registry.yarnpkg.com/decimal.js/-/decimal.js-5.0.8.tgz#b48c3fb7d73a2d4d4940e0b38f1cd21db5b367ce"

des.js@^1.0.0:
  version "1.0.0"
  resolved "https://registry.yarnpkg.com/des.js/-/des.js-1.0.0.tgz#c074d2e2aa6a8a9a07dbd61f9a15c2cd83ec8ecc"
  dependencies:
    inherits "^2.0.1"
    minimalistic-assert "^1.0.0"

dicer@0.2.5:
  version "0.2.5"
  resolved "https://registry.yarnpkg.com/dicer/-/dicer-0.2.5.tgz#5996c086bb33218c812c090bddc09cd12facb70f"
  dependencies:
    readable-stream "1.1.x"
    streamsearch "0.1.2"

diffie-hellman@^5.0.0:
  version "5.0.2"
  resolved "https://registry.yarnpkg.com/diffie-hellman/-/diffie-hellman-5.0.2.tgz#b5835739270cfe26acf632099fded2a07f209e5e"
  dependencies:
    bn.js "^4.1.0"
    miller-rabin "^4.0.0"
    randombytes "^2.0.0"

domain-browser@^1.1.7:
  version "1.1.7"
  resolved "https://registry.yarnpkg.com/domain-browser/-/domain-browser-1.1.7.tgz#867aa4b093faa05f1de08c06f4d7b21fdf8698bc"

ee-first@1.1.1:
  version "1.1.1"
  resolved "https://registry.yarnpkg.com/ee-first/-/ee-first-1.1.1.tgz#590c61156b0ae2f4f0255732a158b266bc56b21d"

elliptic@^6.0.0:
  version "6.3.2"
  resolved "https://registry.yarnpkg.com/elliptic/-/elliptic-6.3.2.tgz#e4c81e0829cf0a65ab70e998b8232723b5c1bc48"
  dependencies:
    bn.js "^4.4.0"
    brorand "^1.0.1"
    hash.js "^1.0.0"
    inherits "^2.0.1"

es6-promise@3.2.1:
  version "3.2.1"
  resolved "https://registry.yarnpkg.com/es6-promise/-/es6-promise-3.2.1.tgz#ec56233868032909207170c39448e24449dd1fc4"

events@^1.1.0:
  version "1.1.1"
  resolved "https://registry.yarnpkg.com/events/-/events-1.1.1.tgz#9ebdb7635ad099c70dcc4c2a1f5004288e8bd924"

evp_bytestokey@^1.0.0:
  version "1.0.0"
  resolved "https://registry.yarnpkg.com/evp_bytestokey/-/evp_bytestokey-1.0.0.tgz#497b66ad9fef65cd7c08a6180824ba1476b66e53"
  dependencies:
    create-hash "^1.1.1"

eyes@0.1.x:
  version "0.1.8"
  resolved "https://registry.yarnpkg.com/eyes/-/eyes-0.1.8.tgz#62cf120234c683785d902348a800ef3e0cc20bc0"

faker@^3.1.0:
  version "3.1.0"
  resolved "https://registry.yarnpkg.com/faker/-/faker-3.1.0.tgz#0f908faf4e6ec02524e54a57e432c5c013e08c9f"

fraction.js@3.3.1:
  version "3.3.1"
  resolved "https://registry.yarnpkg.com/fraction.js/-/fraction.js-3.3.1.tgz#5d6a31ff07707294f204ccbb6b53791607771083"

fs.realpath@^1.0.0:
  version "1.0.0"
  resolved "https://registry.yarnpkg.com/fs.realpath/-/fs.realpath-1.0.0.tgz#1504ad2523158caa40db4a2787cb01411994ea4f"

fstream@^1.0.2, fstream@1.0.10:
  version "1.0.10"
  resolved "https://registry.yarnpkg.com/fstream/-/fstream-1.0.10.tgz#604e8a92fe26ffd9f6fae30399d4984e1ab22822"
  dependencies:
    graceful-fs "^4.1.2"
    inherits "~2.0.0"
    mkdirp ">=0.5 0"
    rimraf "2"

glob@^7.0.5:
  version "7.1.1"
  resolved "https://registry.yarnpkg.com/glob/-/glob-7.1.1.tgz#805211df04faaf1c63a3600306cdf5ade50b2ec8"
  dependencies:
    fs.realpath "^1.0.0"
    inflight "^1.0.4"
    inherits "2"
    minimatch "^3.0.2"
    once "^1.3.0"
    path-is-absolute "^1.0.0"

graceful-fs@^4.1.2, graceful-fs@4.1.10:
  version "4.1.10"
  resolved "https://registry.yarnpkg.com/graceful-fs/-/graceful-fs-4.1.10.tgz#f2d720c22092f743228775c75e3612632501f131"

hash-base@^3.0.0:
  version "3.0.3"
  resolved "https://registry.yarnpkg.com/hash-base/-/hash-base-3.0.3.tgz#87ec48734bfe354275535150b14821566b083807"
  dependencies:
    inherits "^2.0.1"

hash.js@^1.0.0:
  version "1.0.3"
  resolved "https://registry.yarnpkg.com/hash.js/-/hash.js-1.0.3.tgz#1332ff00156c0a0ffdd8236013d07b77a0451573"
  dependencies:
    inherits "^2.0.1"

highcharts@^4.2.7:
  version v4.2.7
  resolved "https://registry.yarnpkg.com/highcharts/-/highcharts-4.2.7.tgz#45cbed8e99c9c042e95f9c51076726496f686862"

http-browserify@^1.7.0:
  version "1.7.0"
  resolved "https://registry.yarnpkg.com/http-browserify/-/http-browserify-1.7.0.tgz#33795ade72df88acfbfd36773cefeda764735b20"
  dependencies:
    Base64 "~0.2.0"
    inherits "~2.0.1"

https-browserify@0.0.1:
  version "0.0.1"
  resolved "https://registry.yarnpkg.com/https-browserify/-/https-browserify-0.0.1.tgz#3f91365cabe60b77ed0ebba24b454e3e09d95a82"

ieee754@^1.1.4:
  version "1.1.8"
  resolved "https://registry.yarnpkg.com/ieee754/-/ieee754-1.1.8.tgz#be33d40ac10ef1926701f6f08a2d86fbfd1ad3e4"

indexof@0.0.1:
  version "0.0.1"
  resolved "https://registry.yarnpkg.com/indexof/-/indexof-0.0.1.tgz#82dc336d232b9062179d05ab3293a66059fd435d"

inflight@^1.0.4:
  version "1.0.6"
  resolved "https://registry.yarnpkg.com/inflight/-/inflight-1.0.6.tgz#49bd6331d7d02d0c09bc910a1075ba8165b56df9"
  dependencies:
    once "^1.3.0"
    wrappy "1"

inherits@^2.0.1, inherits@~2.0.0, inherits@~2.0.1, inherits@2:
  version "2.0.3"
  resolved "https://registry.yarnpkg.com/inherits/-/inherits-2.0.3.tgz#633c2c83e3da42a502f52466022480f4208261de"

inherits@2.0.1:
  version "2.0.1"
  resolved "https://registry.yarnpkg.com/inherits/-/inherits-2.0.1.tgz#b17d08d326b4423e568eff719f91b0b1cbdf69f1"

isarray@^1.0.0, isarray@~1.0.0:
  version "1.0.0"
  resolved "https://registry.yarnpkg.com/isarray/-/isarray-1.0.0.tgz#bb935d48582cba168c06834957a54a3e07124f11"

isarray@0.0.1:
  version "0.0.1"
  resolved "https://registry.yarnpkg.com/isarray/-/isarray-0.0.1.tgz#8a18acfca9a8f4177e09abfc6038939b05d1eedf"

isstream@0.1.x:
  version "0.1.2"
  resolved "https://registry.yarnpkg.com/isstream/-/isstream-0.1.2.tgz#47e63f7af55afa6f92e1500e690eb8b8529c099a"

jquery@^2.2.3:
  version "2.2.4"
  resolved "https://registry.yarnpkg.com/jquery/-/jquery-2.2.4.tgz#2c89d6889b5eac522a7eea32c14521559c6cbf02"

jquery@>=1.7:
  version "3.1.1"
  resolved "https://registry.yarnpkg.com/jquery/-/jquery-3.1.1.tgz#347c1c21c7e004115e0a4da32cece041fad3c8a3"

logger-request@3.7.2:
  version "3.7.2"
  resolved "https://registry.yarnpkg.com/logger-request/-/logger-request-3.7.2.tgz#11ab765d1426bfb2459abc91b55e5e3c1506e8b9"
  dependencies:
    basic-authentication "1.7.0"
    on-finished "2.3.0"
    transfer-rate "1.2.0"
    winston "2.3.0"
    winston-daily-rotate-file "1.3.1"

mathjs@^3.6.0:
  version "3.7.0"
  resolved "https://registry.yarnpkg.com/mathjs/-/mathjs-3.7.0.tgz#95ec21abcac27e7c644c915a9290525669445b9f"
  dependencies:
    complex.js "2.0.1"
    decimal.js "5.0.8"
    fraction.js "3.3.1"
    tiny-emitter "1.0.2"
    typed-function "0.10.4"

mersenne-twister@^1.0.1:
  version "1.1.0"
  resolved "https://registry.yarnpkg.com/mersenne-twister/-/mersenne-twister-1.1.0.tgz#f916618ee43d7179efcf641bec4531eb9670978a"

meteor-node-stubs@~0.2.0:
  version "0.2.3"
  resolved "https://registry.yarnpkg.com/meteor-node-stubs/-/meteor-node-stubs-0.2.3.tgz#b4d27fadb0f256ae07c2d12539105df83083863a"
  dependencies:
    assert "^1.3.0"
    browserify-zlib "^0.1.4"
    buffer "^4.5.1"
    console-browserify "^1.1.0"
    constants-browserify "^1.0.0"
    crypto-browserify "^3.11.0"
    domain-browser "^1.1.7"
    events "^1.1.0"
    http-browserify "^1.7.0"
    https-browserify "0.0.1"
    os-browserify "^0.2.1"
    path-browserify "0.0.0"
    process "^0.11.2"
    punycode "^1.4.1"
    querystring-es3 "^0.2.1"
    readable-stream "^2.0.6"
    stream-browserify "^2.0.1"
    string_decoder "^0.10.31"
    timers-browserify "^1.4.2"
    tty-browserify "0.0.0"
    url "^0.11.0"
    util "^0.10.3"
    vm-browserify "0.0.4"

miller-rabin@^4.0.0:
  version "4.0.0"
  resolved "https://registry.yarnpkg.com/miller-rabin/-/miller-rabin-4.0.0.tgz#4a62fb1d42933c05583982f4c716f6fb9e6c6d3d"
  dependencies:
    bn.js "^4.0.0"
    brorand "^1.0.1"

minimalistic-assert@^1.0.0:
  version "1.0.0"
  resolved "https://registry.yarnpkg.com/minimalistic-assert/-/minimalistic-assert-1.0.0.tgz#702be2dda6b37f4836bcb3f5db56641b64a1d3d3"

minimatch@^3.0.2:
  version "3.0.3"
  resolved "https://registry.yarnpkg.com/minimatch/-/minimatch-3.0.3.tgz#2a4e4090b96b2db06a9d7df01055a62a77c9b774"
  dependencies:
    brace-expansion "^1.0.0"

minimist@0.0.8:
  version "0.0.8"
  resolved "https://registry.yarnpkg.com/minimist/-/minimist-0.0.8.tgz#857fcabfc3397d2625b8228262e86aa7a011b05d"

"mkdirp@>=0.5 0":
  version "0.5.1"
  resolved "https://registry.yarnpkg.com/mkdirp/-/mkdirp-0.5.1.tgz#30057438eac6cf7f8c4767f38648d6697d75c903"
  dependencies:
    minimist "0.0.8"

moment@^2.10.6, moment@^2.15.2:
  version "2.15.2"
  resolved "https://registry.yarnpkg.com/moment/-/moment-2.15.2.tgz#1bfdedf6a6e345f322fe956d5df5bd08a8ce84dc"

money@^0.2.0:
  version "0.2.0"
  resolved "https://registry.yarnpkg.com/money/-/money-0.2.0.tgz#7eada2df1009df935fa18d4fb1d620ddacce02c2"

mongodb-backup@^1.6.4:
  version "1.6.8"
  resolved "https://registry.yarnpkg.com/mongodb-backup/-/mongodb-backup-1.6.8.tgz#32eb4140ee4c78501896ed44aa0ffa48a494a057"
  dependencies:
    bson "0.5.6"
    fstream "1.0.10"
    graceful-fs "4.1.10"
    logger-request "3.7.2"
    mongodb "2.2.11"
    tar "2.2.1"

mongodb-core@2.0.13:
  version "2.0.13"
  resolved "https://registry.yarnpkg.com/mongodb-core/-/mongodb-core-2.0.13.tgz#f9394b588dce0e579482e53d74dbc7d7a9d4519c"
  dependencies:
    bson "~0.5.6"
    require_optional "~1.0.0"

mongodb-restore@^1.5.6:
  version "1.6.1"
  resolved "https://registry.yarnpkg.com/mongodb-restore/-/mongodb-restore-1.6.1.tgz#24423b3a056680bce8532af713f543736a11851b"
  dependencies:
    bson "0.5.6"
    graceful-fs "4.1.10"
    logger-request "3.7.2"
    mongodb "2.2.11"
    tar "2.2.1"

mongodb@2.2.11:
  version "2.2.11"
  resolved "https://registry.yarnpkg.com/mongodb/-/mongodb-2.2.11.tgz#a828b036fe6a437a35e723af5f81781c4976306c"
  dependencies:
    es6-promise "3.2.1"
    mongodb-core "2.0.13"
    readable-stream "2.1.5"

nan@~2.0.9:
  version "2.0.9"
  resolved "https://registry.yarnpkg.com/nan/-/nan-2.0.9.tgz#d02a770f46778842cceb94e17cab31ffc7234a05"

nan@2.3.5:
  version "2.3.5"
  resolved "https://registry.yarnpkg.com/nan/-/nan-2.3.5.tgz#822a0dc266290ce4cd3a12282ca3e7e364668a08"

on-finished@2.3.0:
  version "2.3.0"
  resolved "https://registry.yarnpkg.com/on-finished/-/on-finished-2.3.0.tgz#20f1336481b083cd75337992a16971aa2d906947"
  dependencies:
    ee-first "1.1.1"

once@^1.3.0:
  version "1.4.0"
  resolved "https://registry.yarnpkg.com/once/-/once-1.4.0.tgz#583b1aa775961d4b113ac17d9c50baef9dd76bd1"
  dependencies:
    wrappy "1"

os-browserify@^0.2.1:
  version "0.2.1"
  resolved "https://registry.yarnpkg.com/os-browserify/-/os-browserify-0.2.1.tgz#63fc4ccee5d2d7763d26bbf8601078e6c2e0044f"

pako@~0.2.0:
  version "0.2.9"
  resolved "https://registry.yarnpkg.com/pako/-/pako-0.2.9.tgz#f3f7522f4ef782348da8161bad9ecfd51bf83a75"

parse-asn1@^5.0.0:
  version "5.0.0"
  resolved "https://registry.yarnpkg.com/parse-asn1/-/parse-asn1-5.0.0.tgz#35060f6d5015d37628c770f4e091a0b5a278bc23"
  dependencies:
    asn1.js "^4.0.0"
    browserify-aes "^1.0.0"
    create-hash "^1.1.0"
    evp_bytestokey "^1.0.0"
    pbkdf2 "^3.0.3"

path-browserify@0.0.0:
  version "0.0.0"
  resolved "https://registry.yarnpkg.com/path-browserify/-/path-browserify-0.0.0.tgz#a0b870729aae214005b7d5032ec2cbbb0fb4451a"

path-is-absolute@^1.0.0:
  version "1.0.1"
  resolved "https://registry.yarnpkg.com/path-is-absolute/-/path-is-absolute-1.0.1.tgz#174b9268735534ffbc7ace6bf53a5a9e1b5c5f5f"

pbkdf2@^3.0.3:
  version "3.0.9"
  resolved "https://registry.yarnpkg.com/pbkdf2/-/pbkdf2-3.0.9.tgz#f2c4b25a600058b3c3773c086c37dbbee1ffe693"
  dependencies:
    create-hmac "^1.1.2"

printthis@^0.1.5:
  version "0.1.5"
  resolved "https://registry.yarnpkg.com/printthis/-/printthis-0.1.5.tgz#9d10b17537f278f0f10c4bcbe8d199e48ccb538d"

process-nextick-args@~1.0.6:
  version "1.0.7"
  resolved "https://registry.yarnpkg.com/process-nextick-args/-/process-nextick-args-1.0.7.tgz#150e20b756590ad3f91093f25a4f2ad8bff30ba3"

process@^0.11.2, process@~0.11.0:
  version "0.11.9"
  resolved "https://registry.yarnpkg.com/process/-/process-0.11.9.tgz#7bd5ad21aa6253e7da8682264f1e11d11c0318c1"

public-encrypt@^4.0.0:
  version "4.0.0"
  resolved "https://registry.yarnpkg.com/public-encrypt/-/public-encrypt-4.0.0.tgz#39f699f3a46560dd5ebacbca693caf7c65c18cc6"
  dependencies:
    bn.js "^4.1.0"
    browserify-rsa "^4.0.0"
    create-hash "^1.1.0"
    parse-asn1 "^5.0.0"
    randombytes "^2.0.1"

punycode@^1.4.1:
  version "1.4.1"
  resolved "https://registry.yarnpkg.com/punycode/-/punycode-1.4.1.tgz#c0d5a63b2718800ad8e1eb0fa5269c84dd41845e"

punycode@1.3.2:
  version "1.3.2"
  resolved "https://registry.yarnpkg.com/punycode/-/punycode-1.3.2.tgz#9653a036fb7c1ee42342f2325cceefea3926c48d"

querystring-es3@^0.2.1:
  version "0.2.1"
  resolved "https://registry.yarnpkg.com/querystring-es3/-/querystring-es3-0.2.1.tgz#9ec61f79049875707d69414596fd907a4d711e73"

querystring@0.2.0:
  version "0.2.0"
  resolved "https://registry.yarnpkg.com/querystring/-/querystring-0.2.0.tgz#b209849203bb25df820da756e747005878521620"

randombytes@^2.0.0, randombytes@^2.0.1:
  version "2.0.3"
  resolved "https://registry.yarnpkg.com/randombytes/-/randombytes-2.0.3.tgz#674c99760901c3c4112771a31e521dc349cc09ec"

readable-stream@^2.0.2, readable-stream@^2.0.6, readable-stream@2.1.5:
  version "2.1.5"
  resolved "https://registry.yarnpkg.com/readable-stream/-/readable-stream-2.1.5.tgz#66fa8b720e1438b364681f2ad1a63c618448c9d0"
  dependencies:
    buffer-shims "^1.0.0"
    core-util-is "~1.0.0"
    inherits "~2.0.1"
    isarray "~1.0.0"
    process-nextick-args "~1.0.6"
    string_decoder "~0.10.x"
    util-deprecate "~1.0.1"

readable-stream@1.1.x:
  version "1.1.14"
  resolved "https://registry.yarnpkg.com/readable-stream/-/readable-stream-1.1.14.tgz#7cf4c54ef648e3813084c636dd2079e166c081d9"
  dependencies:
    core-util-is "~1.0.0"
    inherits "~2.0.1"
    isarray "0.0.1"
    string_decoder "~0.10.x"

regenerator-runtime@^0.9.5:
  version "0.9.6"
  resolved "https://registry.yarnpkg.com/regenerator-runtime/-/regenerator-runtime-0.9.6.tgz#d33eb95d0d2001a4be39659707c51b0cb71ce029"

require_optional@~1.0.0:
  version "1.0.0"
  resolved "https://registry.yarnpkg.com/require_optional/-/require_optional-1.0.0.tgz#52a86137a849728eb60a55533617f8f914f59abf"
  dependencies:
    resolve-from "^2.0.0"
    semver "^5.1.0"

resolve-from@^2.0.0:
  version "2.0.0"
  resolved "https://registry.yarnpkg.com/resolve-from/-/resolve-from-2.0.0.tgz#9480ab20e94ffa1d9e80a804c7ea147611966b57"

rimraf@2:
  version "2.5.4"
  resolved "https://registry.yarnpkg.com/rimraf/-/rimraf-2.5.4.tgz#96800093cbf1a0c86bd95b4625467535c29dfa04"
  dependencies:
    glob "^7.0.5"

ripemd160@^1.0.0:
  version "1.0.1"
  resolved "https://registry.yarnpkg.com/ripemd160/-/ripemd160-1.0.1.tgz#93a4bbd4942bc574b69a8fa57c71de10ecca7d6e"

semver@^5.1.0:
  version "5.3.0"
  resolved "https://registry.yarnpkg.com/semver/-/semver-5.3.0.tgz#9b2ce5d3de02d17c6012ad326aa6b4d0cf54f94f"

setheaders@0.1.7:
  version "0.1.7"
  resolved "https://registry.yarnpkg.com/setheaders/-/setheaders-0.1.7.tgz#d67b064436b1f946d7a5578da6df2a39d2f72cfd"

sha.js@^2.3.6:
  version "2.4.7"
  resolved "https://registry.yarnpkg.com/sha.js/-/sha.js-2.4.7.tgz#06153adfe1112a74a2f448b119a76bf727146099"
  dependencies:
    hash-base "^3.0.0"
    inherits "^2.0.1"

stack-trace@0.0.x:
  version "0.0.9"
  resolved "https://registry.yarnpkg.com/stack-trace/-/stack-trace-0.0.9.tgz#a8f6eaeca90674c333e7c43953f275b451510695"

stream-browserify@^2.0.1:
  version "2.0.1"
  resolved "https://registry.yarnpkg.com/stream-browserify/-/stream-browserify-2.0.1.tgz#66266ee5f9bdb9940a4e4514cafb43bb71e5c9db"
  dependencies:
    inherits "~2.0.1"
    readable-stream "^2.0.2"

streamsearch@0.1.2:
  version "0.1.2"
  resolved "https://registry.yarnpkg.com/streamsearch/-/streamsearch-0.1.2.tgz#808b9d0e56fc273d809ba57338e929919a1a9f1a"

string_decoder@^0.10.31, string_decoder@~0.10.x:
  version "0.10.31"
  resolved "https://registry.yarnpkg.com/string_decoder/-/string_decoder-0.10.31.tgz#62e203bc41766c6c28c9fc84301dab1c5310fa94"

tar@2.2.1:
  version "2.2.1"
  resolved "https://registry.yarnpkg.com/tar/-/tar-2.2.1.tgz#8e4d2a256c0e2185c6b18ad694aec968b83cb1d1"
  dependencies:
    block-stream "*"
    fstream "^1.0.2"
    inherits "2"

timers-browserify@^1.4.2:
  version "1.4.2"
  resolved "https://registry.yarnpkg.com/timers-browserify/-/timers-browserify-1.4.2.tgz#c9c58b575be8407375cb5e2462dacee74359f41d"
  dependencies:
    process "~0.11.0"

tiny-emitter@1.0.2:
  version "1.0.2"
  resolved "https://registry.yarnpkg.com/tiny-emitter/-/tiny-emitter-1.0.2.tgz#8e49470d3f55f89e247210368a6bb9fb51aa1601"

transfer-rate@1.2.0:
  version "1.2.0"
  resolved "https://registry.yarnpkg.com/transfer-rate/-/transfer-rate-1.2.0.tgz#4280094de5c226668c712f2983e03b080c3ba499"

tty-browserify@0.0.0:
  version "0.0.0"
  resolved "https://registry.yarnpkg.com/tty-browserify/-/tty-browserify-0.0.0.tgz#a157ba402da24e9bf957f9aa69d524eed42901a6"

typed-function@0.10.4:
  version "0.10.4"
  resolved "https://registry.yarnpkg.com/typed-function/-/typed-function-0.10.4.tgz#1a015498d38eaf9c402fcce1022a0bd87b7418b2"

url@^0.11.0:
  version "0.11.0"
  resolved "https://registry.yarnpkg.com/url/-/url-0.11.0.tgz#3838e97cfc60521eb73c525a8e55bfdd9e2e28f1"
  dependencies:
    punycode "1.3.2"
    querystring "0.2.0"

util-deprecate@~1.0.1:
  version "1.0.2"
  resolved "https://registry.yarnpkg.com/util-deprecate/-/util-deprecate-1.0.2.tgz#450d4dc9fa70de732762fbd2d4a28981419a0ccf"

util@^0.10.3, util@0.10.3:
  version "0.10.3"
  resolved "https://registry.yarnpkg.com/util/-/util-0.10.3.tgz#7afb1afe50805246489e3db7fe0ed379336ac0f9"
  dependencies:
    inherits "2.0.1"

vm-browserify@0.0.4:
  version "0.0.4"
  resolved "https://registry.yarnpkg.com/vm-browserify/-/vm-browserify-0.0.4.tgz#5d7ea45bbef9e4a6ff65f95438e0a87c357d5a73"
  dependencies:
    indexof "0.0.1"

winston-daily-rotate-file@1.3.1:
  version "1.3.1"
  resolved "https://registry.yarnpkg.com/winston-daily-rotate-file/-/winston-daily-rotate-file-1.3.1.tgz#437f7bab7e53232e91e187229cc907d3dda96fd3"

winston@2.3.0:
  version "2.3.0"
  resolved "https://registry.yarnpkg.com/winston/-/winston-2.3.0.tgz#207faaab6fccf3fe493743dd2b03dbafc7ceb78c"
  dependencies:
    async "~1.0.0"
    colors "1.0.x"
    cycle "1.0.x"
    eyes "0.1.x"
    isstream "0.1.x"
    stack-trace "0.0.x"

wrappy@1:
  version "1.0.2"
  resolved "https://registry.yarnpkg.com/wrappy/-/wrappy-1.0.2.tgz#b5243d8f3ec1aa35f1364605bc0d1036e30ab69f"

